<?xml version="1.0" encoding="utf-8"?>
<Project ToolsVersion="4.0" xmlns="http://schemas.microsoft.com/developer/msbuild/2003">
  <ItemGroup>
    <Filter Include="源文件">
      <UniqueIdentifier>{4FC737F1-C7A5-4376-A066-2A32D752A2FF}</UniqueIdentifier>
      <Extensions>cpp;c;cc;cxx;def;odl;idl;hpj;bat;asm;asmx</Extensions>
    </Filter>
    <Filter Include="头文件">
      <UniqueIdentifier>{93995380-89BD-4b04-88EB-625FBE52EBFB}</UniqueIdentifier>
      <Extensions>h;hpp;hxx;hm;inl;inc;xsd</Extensions>
    </Filter>
    <Filter Include="资源文件">
      <UniqueIdentifier>{67DA6AB6-F800-4c08-8B7A-83BB121AAD01}</UniqueIdentifier>
      <Extensions>rc;ico;cur;bmp;dlg;rc2;rct;bin;rgs;gif;jpg;jpeg;jpe;resx;tiff;tif;png;wav</Extensions>
    </Filter>
  </ItemGroup>
  <ItemGroup>
    <ClCompile Include="InfoDlg.cpp">
      <Filter>源文件</Filter>
    </ClCompile>
    <ClCompile Include="NOperatingSystem.cpp">
      <Filter>源文件</Filter>
    </ClCompile>
    <ClCompile Include="NProgressBar.cpp">
      <Filter>源文件</Filter>
    </ClCompile>
    <ClCompile Include="utils\PcapNetFilter.cpp">
      <Filter>源文件</Filter>
    </ClCompile>
    <ClCompile Include="permo.cpp">
      <Filter>源文件</Filter>
    </ClCompile>
    <ClCompile Include="permoDlg.cpp">
      <Filter>源文件</Filter>
    </ClCompile>
    <ClCompile Include="utils\PortCache.cpp">
      <Filter>源文件</Filter>
    </ClCompile>
    <ClCompile Include="ProInfo.cpp">
      <Filter>源文件</Filter>
    </ClCompile>
    <ClCompile Include="stdafx.cpp">
      <Filter>源文件</Filter>
    </ClCompile>
    <ClCompile Include="TextProgressCtrl.cpp">
      <Filter>源文件</Filter>
    </ClCompile>
    <ClCompile Include="wnd.cpp">
      <Filter>源文件</Filter>
    </ClCompile>
    <ClCompile Include="utils\Utils.cpp">
      <Filter>源文件</Filter>
    </ClCompile>
  </ItemGroup>
  <ItemGroup>
    <ClInclude Include="globals.h">
      <Filter>头文件</Filter>
    </ClInclude>
    <ClInclude Include="InfoDlg.h">
      <Filter>头文件</Filter>
    </ClInclude>
    <ClInclude Include="MyTimer.h">
      <Filter>头文件</Filter>
    </ClInclude>
    <ClInclude Include="NOperatingSystem.h">
      <Filter>头文件</Filter>
    </ClInclude>
    <ClInclude Include="NProgressBar.h">
      <Filter>头文件</Filter>
    </ClInclude>
    <ClInclude Include="utils\Packet.h">
      <Filter>头文件</Filter>
    </ClInclude>
    <ClInclude Include="utils\PcapNetFilter.h">
      <Filter>头文件</Filter>
    </ClInclude>
    <ClInclude Include="permo.h">
      <Filter>头文件</Filter>
    </ClInclude>
    <ClInclude Include="permoDlg.h">
      <Filter>头文件</Filter>
    </ClInclude>
    <ClInclude Include="utils\PortCache.h">
      <Filter>头文件</Filter>
    </ClInclude>
    <ClInclude Include="ProInfo.h">
      <Filter>头文件</Filter>
    </ClInclude>
    <ClInclude Include="Resource.h">
      <Filter>头文件</Filter>
    </ClInclude>
    <ClInclude Include="stdafx.h">
      <Filter>头文件</Filter>
    </ClInclude>
    <ClInclude Include="targetver.h">
      <Filter>头文件</Filter>
    </ClInclude>
    <ClInclude Include="TextProgressCtrl.h">
      <Filter>头文件</Filter>
    </ClInclude>
    <ClInclude Include="wnd.h">
      <Filter>头文件</Filter>
    </ClInclude>
    <ClInclude Include="utils\Utils.h">
      <Filter>头文件</Filter>
    </ClInclude>
  </ItemGroup>
  <ItemGroup>
    <Image Include="res\down.ico">
      <Filter>资源文件</Filter>
    </Image>
    <Image Include="res\permo.ico">
      <Filter>资源文件</Filter>
    </Image>
    <Image Include="res\process.ico">
      <Filter>资源文件</Filter>
    </Image>
    <Image Include="res\proinfobackground.bmp">
      <Filter>资源文件</Filter>
    </Image>
    <Image Include="res\up.ico">
      <Filter>资源文件</Filter>
    </Image>
  </ItemGroup>
  <ItemGroup>
    <ResourceCompile Include="permo.rc">
      <Filter>资源文件</Filter>
    </ResourceCompile>
  </ItemGroup>
  <ItemGroup>
    <None Include="res\permo.rc2">
      <Filter>资源文件</Filter>
    </None>
    <None Include="ClassDiagram1.cd" />
  </ItemGroup>
  <ItemGroup>
    <Text Include="ReadMe.txt" />
  </ItemGroup>
</Project>